<?xml version="1.0" encoding="utf-8"?>
<Project ToolsVersion="4.0" xmlns="http://schemas.microsoft.com/developer/msbuild/2003">
  <ItemGroup>
    <Filter Include="src">
      <UniqueIdentifier>{2DAB880B-99B4-887C-2230-9F7C8E38947C}</UniqueIdentifier>
    </Filter>
    <Filter Include="src\Platform">
      <UniqueIdentifier>{21CA02E5-0D2D-9289-B6B2-CA3FA2F45D0C}</UniqueIdentifier>
    </Filter>
    <Filter Include="src\Platform\OpenGL">
      <UniqueIdentifier>{35A49437-A105-7245-2A73-B8F796D3A804}</UniqueIdentifier>
    </Filter>
    <Filter Include="src\Platform\Windows">
      <UniqueIdentifier>{5B054582-4794-CE4B-F0B2-E246DC20DFF1}</UniqueIdentifier>
    </Filter>
    <Filter Include="src\Titan">
      <UniqueIdentifier>{FCA6E7B3-6811-9C2A-B14F-4DD01DF9797F}</UniqueIdentifier>
    </Filter>
    <Filter Include="src\Titan\Core">
      <UniqueIdentifier>{D488ECC3-C056-E0C9-A9EA-50F09557BC2E}</UniqueIdentifier>
    </Filter>
    <Filter Include="src\Titan\Debug">
      <UniqueIdentifier>{72FE8941-DE89-F705-E79A-7AFA53A55306}</UniqueIdentifier>
    </Filter>
    <Filter Include="src\Titan\Events">
      <UniqueIdentifier>{601F5476-4C18-73C8-754A-584D61A252D4}</UniqueIdentifier>
    </Filter>
    <Filter Include="src\Titan\ImGui">
      <UniqueIdentifier>{2669E841-92F4-5506-9B05-D9FA0710B206}</UniqueIdentifier>
    </Filter>
    <Filter Include="src\Titan\Renderer">
      <UniqueIdentifier>{2286D452-0E6A-95A8-77CA-8FFB63CD7F2A}</UniqueIdentifier>
    </Filter>
    <Filter Include="src\Titan\Scene">
      <UniqueIdentifier>{19619842-85EC-0507-8EFD-88FBFA076207}</UniqueIdentifier>
    </Filter>
    <Filter Include="vendor">
      <UniqueIdentifier>{B3738122-9F15-ACF8-88D0-BF4C74113349}</UniqueIdentifier>
    </Filter>
    <Filter Include="vendor\stb_image">
      <UniqueIdentifier>{0DA0BA59-F998-D9AB-22CB-BE300E23B9B7}</UniqueIdentifier>
    </Filter>
  </ItemGroup>
  <ItemGroup>
    <ClInclude Include="src\Platform\InputManager.h">
      <Filter>src\Platform</Filter>
    </ClInclude>
    <ClInclude Include="src\Platform\OpenGL\OpenGLBuffer.h">
      <Filter>src\Platform\OpenGL</Filter>
    </ClInclude>
    <ClInclude Include="src\Platform\OpenGL\OpenGLContext.h">
      <Filter>src\Platform\OpenGL</Filter>
    </ClInclude>
    <ClInclude Include="src\Platform\OpenGL\OpenGLFramebuffer.h">
      <Filter>src\Platform\OpenGL</Filter>
    </ClInclude>
    <ClInclude Include="src\Platform\OpenGL\OpenGLRendererAPI.h">
      <Filter>src\Platform\OpenGL</Filter>
    </ClInclude>
    <ClInclude Include="src\Platform\OpenGL\OpenGLShader.h">
      <Filter>src\Platform\OpenGL</Filter>
    </ClInclude>
    <ClInclude Include="src\Platform\OpenGL\OpenGLTexture.h">
      <Filter>src\Platform\OpenGL</Filter>
    </ClInclude>
    <ClInclude Include="src\Platform\OpenGL\OpenGLVertexArray.h">
      <Filter>src\Platform\OpenGL</Filter>
    </ClInclude>
    <ClInclude Include="src\Platform\Windows\WindowsInput.h">
      <Filter>src\Platform\Windows</Filter>
    </ClInclude>
    <ClInclude Include="src\Platform\Windows\WindowsWindow.h">
      <Filter>src\Platform\Windows</Filter>
    </ClInclude>
    <ClInclude Include="src\Titan.h">
      <Filter>src</Filter>
    </ClInclude>
    <ClInclude Include="src\Titan\Core\Application.h">
      <Filter>src\Titan\Core</Filter>
    </ClInclude>
    <ClInclude Include="src\Titan\Core\Base.h">
      <Filter>src\Titan\Core</Filter>
    </ClInclude>
    <ClInclude Include="src\Titan\Core\EntryPoint.h">
      <Filter>src\Titan\Core</Filter>
    </ClInclude>
    <ClInclude Include="src\Titan\Core\Input.h">
      <Filter>src\Titan\Core</Filter>
    </ClInclude>
    <ClInclude Include="src\Titan\Core\KeyCodes.h">
      <Filter>src\Titan\Core</Filter>
    </ClInclude>
    <ClInclude Include="src\Titan\Core\Layer.h">
      <Filter>src\Titan\Core</Filter>
    </ClInclude>
    <ClInclude Include="src\Titan\Core\LayerStack.h">
      <Filter>src\Titan\Core</Filter>
    </ClInclude>
    <ClInclude Include="src\Titan\Core\Log.h">
      <Filter>src\Titan\Core</Filter>
    </ClInclude>
    <ClInclude Include="src\Titan\Core\MouseCodes.h">
      <Filter>src\Titan\Core</Filter>
    </ClInclude>
    <ClInclude Include="src\Titan\Core\Timestep.h">
      <Filter>src\Titan\Core</Filter>
    </ClInclude>
    <ClInclude Include="src\Titan\Core\Window.h">
      <Filter>src\Titan\Core</Filter>
    </ClInclude>
    <ClInclude Include="src\Titan\Debug\Instrumentor.h">
      <Filter>src\Titan\Debug</Filter>
    </ClInclude>
    <ClInclude Include="src\Titan\Events\ApplicationEvent.h">
      <Filter>src\Titan\Events</Filter>
    </ClInclude>
    <ClInclude Include="src\Titan\Events\Event.h">
      <Filter>src\Titan\Events</Filter>
    </ClInclude>
    <ClInclude Include="src\Titan\Events\KeyEvent.h">
      <Filter>src\Titan\Events</Filter>
    </ClInclude>
    <ClInclude Include="src\Titan\Events\MouseEvent.h">
      <Filter>src\Titan\Events</Filter>
    </ClInclude>
    <ClInclude Include="src\Titan\ImGui\ImGuiLayer.h">
      <Filter>src\Titan\ImGui</Filter>
    </ClInclude>
    <ClInclude Include="src\Titan\Renderer\Buffer.h">
      <Filter>src\Titan\Renderer</Filter>
    </ClInclude>
    <ClInclude Include="src\Titan\Renderer\Camera.h">
      <Filter>src\Titan\Renderer</Filter>
    </ClInclude>
    <ClInclude Include="src\Titan\Renderer\Framebuffer.h">
      <Filter>src\Titan\Renderer</Filter>
    </ClInclude>
    <ClInclude Include="src\Titan\Renderer\GraphicsContext.h">
      <Filter>src\Titan\Renderer</Filter>
    </ClInclude>
    <ClInclude Include="src\Titan\Renderer\OrthographicCamera.h">
      <Filter>src\Titan\Renderer</Filter>
    </ClInclude>
    <ClInclude Include="src\Titan\Renderer\OrthographicCameraController.h">
      <Filter>src\Titan\Renderer</Filter>
    </ClInclude>
    <ClInclude Include="src\Titan\Renderer\RenderCommand.h">
      <Filter>src\Titan\Renderer</Filter>
    </ClInclude>
    <ClInclude Include="src\Titan\Renderer\Renderer.h">
      <Filter>src\Titan\Renderer</Filter>
    </ClInclude>
    <ClInclude Include="src\Titan\Renderer\Renderer2D.h">
      <Filter>src\Titan\Renderer</Filter>
    </ClInclude>
    <ClInclude Include="src\Titan\Renderer\RendererAPI.h">
      <Filter>src\Titan\Renderer</Filter>
    </ClInclude>
    <ClInclude Include="src\Titan\Renderer\Shader.h">
      <Filter>src\Titan\Renderer</Filter>
    </ClInclude>
    <ClInclude Include="src\Titan\Renderer\SubTexture2D.h">
      <Filter>src\Titan\Renderer</Filter>
    </ClInclude>
    <ClInclude Include="src\Titan\Renderer\Texture.h">
      <Filter>src\Titan\Renderer</Filter>
    </ClInclude>
    <ClInclude Include="src\Titan\Renderer\VertexArray.h">
      <Filter>src\Titan\Renderer</Filter>
    </ClInclude>
    <ClInclude Include="src\Titan\Scene\Components.h">
      <Filter>src\Titan\Scene</Filter>
    </ClInclude>
    <ClInclude Include="src\Titan\Scene\Entity.h">
      <Filter>src\Titan\Scene</Filter>
    </ClInclude>
    <ClInclude Include="src\Titan\Scene\Scene.h">
      <Filter>src\Titan\Scene</Filter>
    </ClInclude>
    <ClInclude Include="src\Titan\Scene\SceneCamera.h">
      <Filter>src\Titan\Scene</Filter>
    </ClInclude>
    <ClInclude Include="src\Titan\Scene\SceneSerializer.h">
      <Filter>src\Titan\Scene</Filter>
    </ClInclude>
    <ClInclude Include="src\Titan\Scene\ScriptableEntity.h">
      <Filter>src\Titan\Scene</Filter>
    </ClInclude>
    <ClInclude Include="src\tipch.h">
      <Filter>src</Filter>
    </ClInclude>
    <ClInclude Include="vendor\stb_image\stb_image.h">
      <Filter>vendor\stb_image</Filter>
    </ClInclude>
  </ItemGroup>
  <ItemGroup>
    <ClCompile Include="src\Platform\OpenGL\OpenGLBuffer.cpp">
      <Filter>src\Platform\OpenGL</Filter>
    </ClCompile>
    <ClCompile Include="src\Platform\OpenGL\OpenGLContext.cpp">
      <Filter>src\Platform\OpenGL</Filter>
    </ClCompile>
    <ClCompile Include="src\Platform\OpenGL\OpenGLFramebuffer.cpp">
      <Filter>src\Platform\OpenGL</Filter>
    </ClCompile>
    <ClCompile Include="src\Platform\OpenGL\OpenGLRendererAPI.cpp">
      <Filter>src\Platform\OpenGL</Filter>
    </ClCompile>
    <ClCompile Include="src\Platform\OpenGL\OpenGLShader.cpp">
      <Filter>src\Platform\OpenGL</Filter>
    </ClCompile>
    <ClCompile Include="src\Platform\OpenGL\OpenGLTexture.cpp">
      <Filter>src\Platform\OpenGL</Filter>
    </ClCompile>
    <ClCompile Include="src\Platform\OpenGL\OpenGLVertexArray.cpp">
      <Filter>src\Platform\OpenGL</Filter>
    </ClCompile>
    <ClCompile Include="src\Platform\Windows\WindowsWindow.cpp">
      <Filter>src\Platform\Windows</Filter>
    </ClCompile>
    <ClCompile Include="src\Titan\Core\Application.cpp">
      <Filter>src\Titan\Core</Filter>
    </ClCompile>
    <ClCompile Include="src\Titan\Core\Layer.cpp">
      <Filter>src\Titan\Core</Filter>
    </ClCompile>
    <ClCompile Include="src\Titan\Core\LayerStack.cpp">
      <Filter>src\Titan\Core</Filter>
    </ClCompile>
    <ClCompile Include="src\Titan\Core\Log.cpp">
      <Filter>src\Titan\Core</Filter>
    </ClCompile>
    <ClCompile Include="src\Titan\ImGui\ImGuiBuild.cpp">
      <Filter>src\Titan\ImGui</Filter>
    </ClCompile>
    <ClCompile Include="src\Titan\ImGui\ImGuiLayer.cpp">
      <Filter>src\Titan\ImGui</Filter>
    </ClCompile>
    <ClCompile Include="src\Titan\Renderer\Buffer.cpp">
      <Filter>src\Titan\Renderer</Filter>
    </ClCompile>
    <ClCompile Include="src\Titan\Renderer\Framebuffer.cpp">
      <Filter>src\Titan\Renderer</Filter>
    </ClCompile>
    <ClCompile Include="src\Titan\Renderer\OrthographicCamera.cpp">
      <Filter>src\Titan\Renderer</Filter>
    </ClCompile>
    <ClCompile Include="src\Titan\Renderer\OrthographicCameraController.cpp">
      <Filter>src\Titan\Renderer</Filter>
    </ClCompile>
    <ClCompile Include="src\Titan\Renderer\RenderCommand.cpp">
      <Filter>src\Titan\Renderer</Filter>
    </ClCompile>
    <ClCompile Include="src\Titan\Renderer\Renderer.cpp">
      <Filter>src\Titan\Renderer</Filter>
    </ClCompile>
    <ClCompile Include="src\Titan\Renderer\Renderer2D.cpp">
      <Filter>src\Titan\Renderer</Filter>
    </ClCompile>
    <ClCompile Include="src\Titan\Renderer\RendererAPI.cpp">
      <Filter>src\Titan\Renderer</Filter>
    </ClCompile>
    <ClCompile Include="src\Titan\Renderer\Shader.cpp">
      <Filter>src\Titan\Renderer</Filter>
    </ClCompile>
    <ClCompile Include="src\Titan\Renderer\SubTexture2D.cpp">
      <Filter>src\Titan\Renderer</Filter>
    </ClCompile>
    <ClCompile Include="src\Titan\Renderer\Texture.cpp">
      <Filter>src\Titan\Renderer</Filter>
    </ClCompile>
    <ClCompile Include="src\Titan\Renderer\VertexArray.cpp">
      <Filter>src\Titan\Renderer</Filter>
    </ClCompile>
    <ClCompile Include="src\Titan\Scene\Entity.cpp">
      <Filter>src\Titan\Scene</Filter>
    </ClCompile>
    <ClCompile Include="src\Titan\Scene\Scene.cpp">
      <Filter>src\Titan\Scene</Filter>
    </ClCompile>
    <ClCompile Include="src\Titan\Scene\SceneCamera.cpp">
      <Filter>src\Titan\Scene</Filter>
    </ClCompile>
    <ClCompile Include="src\Titan\Scene\SceneSerializer.cpp">
      <Filter>src\Titan\Scene</Filter>
    </ClCompile>
    <ClCompile Include="src\tipch.cpp">
      <Filter>src</Filter>
    </ClCompile>
    <ClCompile Include="vendor\stb_image\stb_image.cpp">
      <Filter>vendor\stb_image</Filter>
    </ClCompile>
  </ItemGroup>
</Project>