<?xml version="1.0" encoding="utf-8"?>
<Project ToolsVersion="4.0" xmlns="http://schemas.microsoft.com/developer/msbuild/2003">
  <ItemGroup>
    <Filter Include="Platform">
      <UniqueIdentifier>{2AC788B4-1694-E3BF-3FAD-D1672BD9184E}</UniqueIdentifier>
    </Filter>
    <Filter Include="Platform\OpenGL">
      <UniqueIdentifier>{1E7D2C1D-8A08-9AE1-9319-1DD6FF23F6E1}</UniqueIdentifier>
    </Filter>
    <Filter Include="Platform\Windows">
      <UniqueIdentifier>{64FBD71A-50F4-F66C-7926-DCF1657ED678}</UniqueIdentifier>
    </Filter>
    <Filter Include="Titan">
      <UniqueIdentifier>{A5982A0E-11AD-52BF-DA2E-F61E46024FF0}</UniqueIdentifier>
    </Filter>
    <Filter Include="Titan\Events">
      <UniqueIdentifier>{E9783363-D5DB-C207-7E61-FBBD6AA38E8A}</UniqueIdentifier>
    </Filter>
    <Filter Include="Titan\ImGui">
      <UniqueIdentifier>{8F350E2A-FBEA-861F-84DF-80F6F0937D23}</UniqueIdentifier>
    </Filter>
  </ItemGroup>
  <ItemGroup>
    <ClInclude Include="src\Platform\OpenGL\ImGuiOpenGLRenderer.h">
      <Filter>Platform\OpenGL</Filter>
    </ClInclude>
    <ClInclude Include="src\Platform\Windows\WindowsWindow.h">
      <Filter>Platform\Windows</Filter>
    </ClInclude>
    <ClInclude Include="src\Titan.h" />
    <ClInclude Include="src\Titan\Application.h">
      <Filter>Titan</Filter>
    </ClInclude>
    <ClInclude Include="src\Titan\Core.h">
      <Filter>Titan</Filter>
    </ClInclude>
    <ClInclude Include="src\Titan\EntryPoint.h">
      <Filter>Titan</Filter>
    </ClInclude>
    <ClInclude Include="src\Titan\Events\ApplicationEvent.h">
      <Filter>Titan\Events</Filter>
    </ClInclude>
    <ClInclude Include="src\Titan\Events\Event.h">
      <Filter>Titan\Events</Filter>
    </ClInclude>
    <ClInclude Include="src\Titan\Events\KeyEvent.h">
      <Filter>Titan\Events</Filter>
    </ClInclude>
    <ClInclude Include="src\Titan\Events\MouseEvent.h">
      <Filter>Titan\Events</Filter>
    </ClInclude>
    <ClInclude Include="src\Titan\ImGui\ImGuiLayer.h">
      <Filter>Titan\ImGui</Filter>
    </ClInclude>
    <ClInclude Include="src\Titan\Layer.h">
      <Filter>Titan</Filter>
    </ClInclude>
    <ClInclude Include="src\Titan\LayerStack.h">
      <Filter>Titan</Filter>
    </ClInclude>
    <ClInclude Include="src\Titan\Log.h">
      <Filter>Titan</Filter>
    </ClInclude>
    <ClInclude Include="src\Titan\Logo.h">
      <Filter>Titan</Filter>
    </ClInclude>
    <ClInclude Include="src\Titan\Window.h">
      <Filter>Titan</Filter>
    </ClInclude>
    <ClInclude Include="src\tipch.h" />
    <ClInclude Include="src\Titan\Input.h" />
    <ClInclude Include="src\Platform\Windows\WindowsInput.h" />
  </ItemGroup>
  <ItemGroup>
    <ClCompile Include="src\Platform\OpenGL\ImGuiOpenGLRenderer.cpp">
      <Filter>Platform\OpenGL</Filter>
    </ClCompile>
    <ClCompile Include="src\Platform\Windows\WindowsWindow.cpp">
      <Filter>Platform\Windows</Filter>
    </ClCompile>
    <ClCompile Include="src\Titan\Application.cpp">
      <Filter>Titan</Filter>
    </ClCompile>
    <ClCompile Include="src\Titan\ImGui\ImGuiLayer.cpp">
      <Filter>Titan\ImGui</Filter>
    </ClCompile>
    <ClCompile Include="src\Titan\Layer.cpp">
      <Filter>Titan</Filter>
    </ClCompile>
    <ClCompile Include="src\Titan\LayerStack.cpp">
      <Filter>Titan</Filter>
    </ClCompile>
    <ClCompile Include="src\Titan\Log.cpp">
      <Filter>Titan</Filter>
    </ClCompile>
    <ClCompile Include="src\tipch.cpp" />
    <ClCompile Include="src\Platform\Windows\WindowsInput.cpp" />
  </ItemGroup>
</Project>